
Microsoft Visual Studio Solution File, Format Version 11.00
# Visual Studio 2010
Project("{FAE04EC0-301F-11D3-BF4B-00C04F79EFBC}") = "Glimpse.Net", "source\Glimpse.Net\Glimpse.Net.csproj", "{21F99168-7D7B-49F2-A97C-5A983E0CA16F}"
EndProject
Global
	GlobalSection(SolutionConfigurationPlatforms) = preSolution
		Debug|Any CPU = Debug|Any CPU
		Release|Any CPU = Release|Any CPU
	EndGlobalSection
	GlobalSection(ProjectConfigurationPlatforms) = postSolution
		{21F99168-7D7B-49F2-A97C-5A983E0CA16F}.Debug|Any CPU.ActiveCfg = Debug|Any CPU
		{21F99168-7D7B-49F2-A97C-5A983E0CA16F}.Debug|Any CPU.Build.0 = Debug|Any CPU
		{21F99168-7D7B-49F2-A97C-5A983E0CA16F}.Release|Any CPU.ActiveCfg = Release|Any CPU
		{21F99168-7D7B-49F2-A97C-5A983E0CA16F}.Release|Any CPU.Build.0 = Release|Any CPU
	EndGlobalSection
	GlobalSection(SolutionProperties) = preSolution
		HideSolutionNode = FALSE
	EndGlobalSection
EndGlobal
