
Microsoft Visual Studio Solution File, Format Version 11.00
# Visual Studio 2010
Project("{FAE04EC0-301F-11D3-BF4B-00C04F79EFBC}") = "Glimpse.Net", "source\Glimpse.Net\Glimpse.Net.csproj", "{21F99168-7D7B-49F2-A97C-5A983E0CA16F}"
EndProject
Project("{FAE04EC0-301F-11D3-BF4B-00C04F79EFBC}") = "Glimpse.Test", "source\Glimpse.Test\Glimpse.Test.csproj", "{1C2AE34B-E826-4510-92E9-28DE9B4AEB0C}"
EndProject
Project("{FAE04EC0-301F-11D3-BF4B-00C04F79EFBC}") = "Glimpse.Sample", "source\Glimpse.Example\Glimpse.Sample.csproj", "{A1DDF7DA-D1FB-4B52-A7B3-D2A2099482CE}"
EndProject
Project("{FAE04EC0-301F-11D3-BF4B-00C04F79EFBC}") = "Glimpse.Site", "source\Glimpse.Site\Glimpse.Site.csproj", "{B0DF396D-7702-41B8-8744-CA87DC5F8244}"
EndProject
Global
	GlobalSection(SolutionConfigurationPlatforms) = preSolution
		Debug|Any CPU = Debug|Any CPU
		Release|Any CPU = Release|Any CPU
	EndGlobalSection
	GlobalSection(ProjectConfigurationPlatforms) = postSolution
		{21F99168-7D7B-49F2-A97C-5A983E0CA16F}.Debug|Any CPU.ActiveCfg = Debug|Any CPU
		{21F99168-7D7B-49F2-A97C-5A983E0CA16F}.Debug|Any CPU.Build.0 = Debug|Any CPU
		{21F99168-7D7B-49F2-A97C-5A983E0CA16F}.Release|Any CPU.ActiveCfg = Release|Any CPU
		{21F99168-7D7B-49F2-A97C-5A983E0CA16F}.Release|Any CPU.Build.0 = Release|Any CPU
		{1C2AE34B-E826-4510-92E9-28DE9B4AEB0C}.Debug|Any CPU.ActiveCfg = Debug|Any CPU
		{1C2AE34B-E826-4510-92E9-28DE9B4AEB0C}.Debug|Any CPU.Build.0 = Debug|Any CPU
		{1C2AE34B-E826-4510-92E9-28DE9B4AEB0C}.Release|Any CPU.ActiveCfg = Release|Any CPU
		{1C2AE34B-E826-4510-92E9-28DE9B4AEB0C}.Release|Any CPU.Build.0 = Release|Any CPU
		{A1DDF7DA-D1FB-4B52-A7B3-D2A2099482CE}.Debug|Any CPU.ActiveCfg = Debug|Any CPU
		{A1DDF7DA-D1FB-4B52-A7B3-D2A2099482CE}.Debug|Any CPU.Build.0 = Debug|Any CPU
		{A1DDF7DA-D1FB-4B52-A7B3-D2A2099482CE}.Release|Any CPU.ActiveCfg = Release|Any CPU
		{A1DDF7DA-D1FB-4B52-A7B3-D2A2099482CE}.Release|Any CPU.Build.0 = Release|Any CPU
		{B0DF396D-7702-41B8-8744-CA87DC5F8244}.Debug|Any CPU.ActiveCfg = Debug|Any CPU
		{B0DF396D-7702-41B8-8744-CA87DC5F8244}.Debug|Any CPU.Build.0 = Debug|Any CPU
		{B0DF396D-7702-41B8-8744-CA87DC5F8244}.Release|Any CPU.ActiveCfg = Release|Any CPU
		{B0DF396D-7702-41B8-8744-CA87DC5F8244}.Release|Any CPU.Build.0 = Release|Any CPU
	EndGlobalSection
	GlobalSection(SolutionProperties) = preSolution
		HideSolutionNode = FALSE
	EndGlobalSection
EndGlobal
