
Microsoft Visual Studio Solution File, Format Version 12.00
# Visual Studio 2012
Project("{2150E333-8FDC-42A3-9474-1A3956D46DE8}") = ".nuget", ".nuget", "{0352975D-08B7-435E-B444-A77292D4F6E1}"
	ProjectSection(SolutionItems) = preProject
		.nuget\NuGet.Config = .nuget\NuGet.Config
		.nuget\NuGet.exe = .nuget\NuGet.exe
		.nuget\NuGet.targets = .nuget\NuGet.targets
		.nuget\packages.config = .nuget\packages.config
	EndProjectSection
EndProject
Project("{FAE04EC0-301F-11D3-BF4B-00C04F79EFBC}") = "Glimpse.Test.Integration", "source\Glimpse.Test.Integration\Glimpse.Test.Integration.csproj", "{8354ECF9-3E63-4A7E-AC9C-5D67119B1297}"
EndProject
Project("{FAE04EC0-301F-11D3-BF4B-00C04F79EFBC}") = "Glimpse.Test.Integration.Site", "source\Glimpse.Test.Integration.Site\Glimpse.Test.Integration.Site.csproj", "{2947CE84-2B3C-4B8A-BEFB-02D71B257238}"
EndProject
Global
	GlobalSection(SolutionConfigurationPlatforms) = preSolution
		Debug|Any CPU = Debug|Any CPU
		Debug|Mixed Platforms = Debug|Mixed Platforms
		Debug|x86 = Debug|x86
		Release|Any CPU = Release|Any CPU
		Release|Mixed Platforms = Release|Mixed Platforms
		Release|x86 = Release|x86
	EndGlobalSection
	GlobalSection(ProjectConfigurationPlatforms) = postSolution
		{8354ECF9-3E63-4A7E-AC9C-5D67119B1297}.Debug|Any CPU.ActiveCfg = Debug|Any CPU
		{8354ECF9-3E63-4A7E-AC9C-5D67119B1297}.Debug|Any CPU.Build.0 = Debug|Any CPU
		{8354ECF9-3E63-4A7E-AC9C-5D67119B1297}.Debug|Mixed Platforms.ActiveCfg = Debug|Any CPU
		{8354ECF9-3E63-4A7E-AC9C-5D67119B1297}.Debug|Mixed Platforms.Build.0 = Debug|Any CPU
		{8354ECF9-3E63-4A7E-AC9C-5D67119B1297}.Debug|x86.ActiveCfg = Debug|Any CPU
		{8354ECF9-3E63-4A7E-AC9C-5D67119B1297}.Release|Any CPU.ActiveCfg = Release|Any CPU
		{8354ECF9-3E63-4A7E-AC9C-5D67119B1297}.Release|Any CPU.Build.0 = Release|Any CPU
		{8354ECF9-3E63-4A7E-AC9C-5D67119B1297}.Release|Mixed Platforms.ActiveCfg = Release|Any CPU
		{8354ECF9-3E63-4A7E-AC9C-5D67119B1297}.Release|Mixed Platforms.Build.0 = Release|Any CPU
		{8354ECF9-3E63-4A7E-AC9C-5D67119B1297}.Release|x86.ActiveCfg = Release|Any CPU
		{2947CE84-2B3C-4B8A-BEFB-02D71B257238}.Debug|Any CPU.ActiveCfg = Debug|Any CPU
		{2947CE84-2B3C-4B8A-BEFB-02D71B257238}.Debug|Any CPU.Build.0 = Debug|Any CPU
		{2947CE84-2B3C-4B8A-BEFB-02D71B257238}.Debug|Mixed Platforms.ActiveCfg = Debug|Any CPU
		{2947CE84-2B3C-4B8A-BEFB-02D71B257238}.Debug|Mixed Platforms.Build.0 = Debug|Any CPU
		{2947CE84-2B3C-4B8A-BEFB-02D71B257238}.Debug|x86.ActiveCfg = Debug|Any CPU
		{2947CE84-2B3C-4B8A-BEFB-02D71B257238}.Release|Any CPU.ActiveCfg = Release|Any CPU
		{2947CE84-2B3C-4B8A-BEFB-02D71B257238}.Release|Any CPU.Build.0 = Release|Any CPU
		{2947CE84-2B3C-4B8A-BEFB-02D71B257238}.Release|Mixed Platforms.ActiveCfg = Release|Any CPU
		{2947CE84-2B3C-4B8A-BEFB-02D71B257238}.Release|Mixed Platforms.Build.0 = Release|Any CPU
		{2947CE84-2B3C-4B8A-BEFB-02D71B257238}.Release|x86.ActiveCfg = Release|Any CPU
	EndGlobalSection
	GlobalSection(SolutionProperties) = preSolution
		HideSolutionNode = FALSE
	EndGlobalSection
EndGlobal
